{
    "_meta": {
        "hash": {
            "sha256": "14bdd5f5019f787dcf629c23a0383a45f864056b1ae0207286b1be8cd3e26b69"
        },
        "pipfile-spec": 6,
        "requires": {
            "python_version": "3.7"
        },
        "sources": [
            {
                "name": "pypi",
                "url": "https://pypi.org/simple",
                "verify_ssl": true
            }
        ]
    },
    "default": {
        "graysalgorithms": {
            "path": "."
        }
    },
    "develop": {}
}
